
Microsoft Visual Studio Solution File, Format Version 12.00
# Visual Studio 15
VisualStudioVersion = 15.0.28307.779
MinimumVisualStudioVersion = 10.0.40219.1
Project("{FAE04EC0-301F-11D3-BF4B-00C04F79EFBC}") = "SauceNao10", "SauceNao10\SauceNao10.csproj", "{3BE376E5-F9FC-41D2-AE8C-2DBE21C759BC}"
EndProject
Project("{9A19103F-16F7-4668-BE54-9A1E7A4F7556}") = "SauceNao10.Core", "SauceNao10.Core\SauceNao10.Core.csproj", "{EB4FDEDE-3C43-4C4A-8D9D-794DCCF6E824}"
EndProject
Global
	GlobalSection(SolutionConfigurationPlatforms) = preSolution
		Debug|Any CPU = Debug|Any CPU
		Debug|ARM = Debug|ARM
		Debug|ARM64 = Debug|ARM64
		Debug|x64 = Debug|x64
		Debug|x86 = Debug|x86
		Release|Any CPU = Release|Any CPU
		Release|ARM = Release|ARM
		Release|ARM64 = Release|ARM64
		Release|x64 = Release|x64
		Release|x86 = Release|x86
	EndGlobalSection
	GlobalSection(ProjectConfigurationPlatforms) = postSolution
		{3BE376E5-F9FC-41D2-AE8C-2DBE21C759BC}.Debug|Any CPU.ActiveCfg = Debug|x86
		{3BE376E5-F9FC-41D2-AE8C-2DBE21C759BC}.Debug|ARM.ActiveCfg = Debug|ARM
		{3BE376E5-F9FC-41D2-AE8C-2DBE21C759BC}.Debug|ARM.Build.0 = Debug|ARM
		{3BE376E5-F9FC-41D2-AE8C-2DBE21C759BC}.Debug|ARM.Deploy.0 = Debug|ARM
		{3BE376E5-F9FC-41D2-AE8C-2DBE21C759BC}.Debug|ARM64.ActiveCfg = Debug|ARM64
		{3BE376E5-F9FC-41D2-AE8C-2DBE21C759BC}.Debug|ARM64.Build.0 = Debug|ARM64
		{3BE376E5-F9FC-41D2-AE8C-2DBE21C759BC}.Debug|ARM64.Deploy.0 = Debug|ARM64
		{3BE376E5-F9FC-41D2-AE8C-2DBE21C759BC}.Debug|x64.ActiveCfg = Debug|x64
		{3BE376E5-F9FC-41D2-AE8C-2DBE21C759BC}.Debug|x64.Build.0 = Debug|x64
		{3BE376E5-F9FC-41D2-AE8C-2DBE21C759BC}.Debug|x64.Deploy.0 = Debug|x64
		{3BE376E5-F9FC-41D2-AE8C-2DBE21C759BC}.Debug|x86.ActiveCfg = Debug|x86
		{3BE376E5-F9FC-41D2-AE8C-2DBE21C759BC}.Debug|x86.Build.0 = Debug|x86
		{3BE376E5-F9FC-41D2-AE8C-2DBE21C759BC}.Debug|x86.Deploy.0 = Debug|x86
		{3BE376E5-F9FC-41D2-AE8C-2DBE21C759BC}.Release|Any CPU.ActiveCfg = Release|x86
		{3BE376E5-F9FC-41D2-AE8C-2DBE21C759BC}.Release|ARM.ActiveCfg = Release|ARM
		{3BE376E5-F9FC-41D2-AE8C-2DBE21C759BC}.Release|ARM.Build.0 = Release|ARM
		{3BE376E5-F9FC-41D2-AE8C-2DBE21C759BC}.Release|ARM.Deploy.0 = Release|ARM
		{3BE376E5-F9FC-41D2-AE8C-2DBE21C759BC}.Release|ARM64.ActiveCfg = Release|ARM64
		{3BE376E5-F9FC-41D2-AE8C-2DBE21C759BC}.Release|ARM64.Build.0 = Release|ARM64
		{3BE376E5-F9FC-41D2-AE8C-2DBE21C759BC}.Release|ARM64.Deploy.0 = Release|ARM64
		{3BE376E5-F9FC-41D2-AE8C-2DBE21C759BC}.Release|x64.ActiveCfg = Release|x64
		{3BE376E5-F9FC-41D2-AE8C-2DBE21C759BC}.Release|x64.Build.0 = Release|x64
		{3BE376E5-F9FC-41D2-AE8C-2DBE21C759BC}.Release|x64.Deploy.0 = Release|x64
		{3BE376E5-F9FC-41D2-AE8C-2DBE21C759BC}.Release|x86.ActiveCfg = Release|x86
		{3BE376E5-F9FC-41D2-AE8C-2DBE21C759BC}.Release|x86.Build.0 = Release|x86
		{3BE376E5-F9FC-41D2-AE8C-2DBE21C759BC}.Release|x86.Deploy.0 = Release|x86
		{EB4FDEDE-3C43-4C4A-8D9D-794DCCF6E824}.Debug|Any CPU.ActiveCfg = Debug|Any CPU
		{EB4FDEDE-3C43-4C4A-8D9D-794DCCF6E824}.Debug|Any CPU.Build.0 = Debug|Any CPU
		{EB4FDEDE-3C43-4C4A-8D9D-794DCCF6E824}.Debug|ARM.ActiveCfg = Debug|Any CPU
		{EB4FDEDE-3C43-4C4A-8D9D-794DCCF6E824}.Debug|ARM.Build.0 = Debug|Any CPU
		{EB4FDEDE-3C43-4C4A-8D9D-794DCCF6E824}.Debug|ARM64.ActiveCfg = Debug|Any CPU
		{EB4FDEDE-3C43-4C4A-8D9D-794DCCF6E824}.Debug|ARM64.Build.0 = Debug|Any CPU
		{EB4FDEDE-3C43-4C4A-8D9D-794DCCF6E824}.Debug|x64.ActiveCfg = Debug|Any CPU
		{EB4FDEDE-3C43-4C4A-8D9D-794DCCF6E824}.Debug|x64.Build.0 = Debug|Any CPU
		{EB4FDEDE-3C43-4C4A-8D9D-794DCCF6E824}.Debug|x86.ActiveCfg = Debug|Any CPU
		{EB4FDEDE-3C43-4C4A-8D9D-794DCCF6E824}.Debug|x86.Build.0 = Debug|Any CPU
		{EB4FDEDE-3C43-4C4A-8D9D-794DCCF6E824}.Release|Any CPU.ActiveCfg = Release|Any CPU
		{EB4FDEDE-3C43-4C4A-8D9D-794DCCF6E824}.Release|Any CPU.Build.0 = Release|Any CPU
		{EB4FDEDE-3C43-4C4A-8D9D-794DCCF6E824}.Release|ARM.ActiveCfg = Release|Any CPU
		{EB4FDEDE-3C43-4C4A-8D9D-794DCCF6E824}.Release|ARM.Build.0 = Release|Any CPU
		{EB4FDEDE-3C43-4C4A-8D9D-794DCCF6E824}.Release|ARM64.ActiveCfg = Release|Any CPU
		{EB4FDEDE-3C43-4C4A-8D9D-794DCCF6E824}.Release|ARM64.Build.0 = Release|Any CPU
		{EB4FDEDE-3C43-4C4A-8D9D-794DCCF6E824}.Release|x64.ActiveCfg = Release|Any CPU
		{EB4FDEDE-3C43-4C4A-8D9D-794DCCF6E824}.Release|x64.Build.0 = Release|Any CPU
		{EB4FDEDE-3C43-4C4A-8D9D-794DCCF6E824}.Release|x86.ActiveCfg = Release|Any CPU
		{EB4FDEDE-3C43-4C4A-8D9D-794DCCF6E824}.Release|x86.Build.0 = Release|Any CPU
	EndGlobalSection
	GlobalSection(SolutionProperties) = preSolution
		HideSolutionNode = FALSE
	EndGlobalSection
	GlobalSection(ExtensibilityGlobals) = postSolution
		SolutionGuid = {26C16CDF-0FDE-46E6-B39A-BDEB1A65F74D}
	EndGlobalSection
EndGlobal
